
Microsoft Visual Studio Solution File, Format Version 12.00
# Visual Studio Version 17
VisualStudioVersion = 17.0.31919.166
MinimumVisualStudioVersion = 10.0.40219.1
Project("{9A19103F-16F7-4668-BE54-9A1E7A4F7556}") = "Day01", "Day01\Day01.csproj", "{56304D22-ABB6-454E-8DE8-DC46927BA182}"
EndProject
Project("{9A19103F-16F7-4668-BE54-9A1E7A4F7556}") = "Day02", "Day02\Day02.csproj", "{927D191F-E3EF-43CC-9F24-51BF0FF6B484}"
EndProject
Project("{9A19103F-16F7-4668-BE54-9A1E7A4F7556}") = "Day03", "Day03\Day03.csproj", "{5FA6842D-52B5-443C-A4F6-2FF5E17E1EB1}"
EndProject
Project("{9A19103F-16F7-4668-BE54-9A1E7A4F7556}") = "Day04", "Day04\Day04.csproj", "{A7310151-D557-4C5C-B802-8AC4643F372F}"
EndProject
Project("{9A19103F-16F7-4668-BE54-9A1E7A4F7556}") = "Day05", "Day05\Day05.csproj", "{18FA02D2-F3ED-41DF-9796-E4648F097823}"
EndProject
Project("{9A19103F-16F7-4668-BE54-9A1E7A4F7556}") = "Day06", "Day06\Day06.csproj", "{AB30C6EF-9EA9-4CE8-B40F-D391C2B4B618}"
EndProject
Project("{9A19103F-16F7-4668-BE54-9A1E7A4F7556}") = "Day07", "Day07\Day07.csproj", "{BA569B2C-2310-41CC-A73A-46867D9B2CB4}"
EndProject
Project("{9A19103F-16F7-4668-BE54-9A1E7A4F7556}") = "Day08", "Day08\Day08.csproj", "{5D9D27FC-776C-4C22-9F66-0DFB47079ED4}"
EndProject
Project("{9A19103F-16F7-4668-BE54-9A1E7A4F7556}") = "Day09", "Day09\Day09.csproj", "{B3AA264C-2ABE-4039-BFFD-A9C554E580B0}"
EndProject
Project("{9A19103F-16F7-4668-BE54-9A1E7A4F7556}") = "Day10", "Day10\Day10.csproj", "{B70EA37A-42F0-4BD5-B448-507A87FEEFAC}"
EndProject
Project("{9A19103F-16F7-4668-BE54-9A1E7A4F7556}") = "Day11", "Day11\Day11.csproj", "{DCC95A7A-C3F0-44A8-A804-18DF670C2608}"
EndProject
Project("{9A19103F-16F7-4668-BE54-9A1E7A4F7556}") = "Day12", "Day12\Day12.csproj", "{D811A96C-ACD1-41A8-B1F4-A5938016DDB4}"
EndProject
Project("{9A19103F-16F7-4668-BE54-9A1E7A4F7556}") = "Day13", "Day13\Day13.csproj", "{B3830B3B-8139-48DC-987D-17A8972B5178}"
EndProject
Project("{9A19103F-16F7-4668-BE54-9A1E7A4F7556}") = "Day14", "Day14\Day14.csproj", "{FC389A8D-7888-4DFA-8FED-4D68AC58D919}"
EndProject
Project("{9A19103F-16F7-4668-BE54-9A1E7A4F7556}") = "Day15", "Day15\Day15.csproj", "{C6DC05C8-815D-4CB1-9EC0-E1E3D0E9729D}"
EndProject
Project("{9A19103F-16F7-4668-BE54-9A1E7A4F7556}") = "Day16", "Day16\Day16.csproj", "{F1F0F108-4CC5-4A0F-815C-F47980B34A6A}"
EndProject
Project("{FAE04EC0-301F-11D3-BF4B-00C04F79EFBC}") = "Day17", "Day17\Day17.csproj", "{1FC511FF-3761-4432-8720-B2D3C97C6B4D}"
EndProject
Global
	GlobalSection(SolutionConfigurationPlatforms) = preSolution
		Debug|Any CPU = Debug|Any CPU
		Release|Any CPU = Release|Any CPU
	EndGlobalSection
	GlobalSection(ProjectConfigurationPlatforms) = postSolution
		{56304D22-ABB6-454E-8DE8-DC46927BA182}.Debug|Any CPU.ActiveCfg = Debug|Any CPU
		{56304D22-ABB6-454E-8DE8-DC46927BA182}.Debug|Any CPU.Build.0 = Debug|Any CPU
		{56304D22-ABB6-454E-8DE8-DC46927BA182}.Release|Any CPU.ActiveCfg = Release|Any CPU
		{56304D22-ABB6-454E-8DE8-DC46927BA182}.Release|Any CPU.Build.0 = Release|Any CPU
		{927D191F-E3EF-43CC-9F24-51BF0FF6B484}.Debug|Any CPU.ActiveCfg = Debug|Any CPU
		{927D191F-E3EF-43CC-9F24-51BF0FF6B484}.Debug|Any CPU.Build.0 = Debug|Any CPU
		{927D191F-E3EF-43CC-9F24-51BF0FF6B484}.Release|Any CPU.ActiveCfg = Release|Any CPU
		{927D191F-E3EF-43CC-9F24-51BF0FF6B484}.Release|Any CPU.Build.0 = Release|Any CPU
		{5FA6842D-52B5-443C-A4F6-2FF5E17E1EB1}.Debug|Any CPU.ActiveCfg = Debug|Any CPU
		{5FA6842D-52B5-443C-A4F6-2FF5E17E1EB1}.Debug|Any CPU.Build.0 = Debug|Any CPU
		{5FA6842D-52B5-443C-A4F6-2FF5E17E1EB1}.Release|Any CPU.ActiveCfg = Release|Any CPU
		{5FA6842D-52B5-443C-A4F6-2FF5E17E1EB1}.Release|Any CPU.Build.0 = Release|Any CPU
		{A7310151-D557-4C5C-B802-8AC4643F372F}.Debug|Any CPU.ActiveCfg = Debug|Any CPU
		{A7310151-D557-4C5C-B802-8AC4643F372F}.Debug|Any CPU.Build.0 = Debug|Any CPU
		{A7310151-D557-4C5C-B802-8AC4643F372F}.Release|Any CPU.ActiveCfg = Release|Any CPU
		{A7310151-D557-4C5C-B802-8AC4643F372F}.Release|Any CPU.Build.0 = Release|Any CPU
		{18FA02D2-F3ED-41DF-9796-E4648F097823}.Debug|Any CPU.ActiveCfg = Debug|Any CPU
		{18FA02D2-F3ED-41DF-9796-E4648F097823}.Debug|Any CPU.Build.0 = Debug|Any CPU
		{18FA02D2-F3ED-41DF-9796-E4648F097823}.Release|Any CPU.ActiveCfg = Release|Any CPU
		{18FA02D2-F3ED-41DF-9796-E4648F097823}.Release|Any CPU.Build.0 = Release|Any CPU
		{AB30C6EF-9EA9-4CE8-B40F-D391C2B4B618}.Debug|Any CPU.ActiveCfg = Debug|Any CPU
		{AB30C6EF-9EA9-4CE8-B40F-D391C2B4B618}.Debug|Any CPU.Build.0 = Debug|Any CPU
		{AB30C6EF-9EA9-4CE8-B40F-D391C2B4B618}.Release|Any CPU.ActiveCfg = Release|Any CPU
		{AB30C6EF-9EA9-4CE8-B40F-D391C2B4B618}.Release|Any CPU.Build.0 = Release|Any CPU
		{BA569B2C-2310-41CC-A73A-46867D9B2CB4}.Debug|Any CPU.ActiveCfg = Debug|Any CPU
		{BA569B2C-2310-41CC-A73A-46867D9B2CB4}.Debug|Any CPU.Build.0 = Debug|Any CPU
		{BA569B2C-2310-41CC-A73A-46867D9B2CB4}.Release|Any CPU.ActiveCfg = Release|Any CPU
		{BA569B2C-2310-41CC-A73A-46867D9B2CB4}.Release|Any CPU.Build.0 = Release|Any CPU
		{5D9D27FC-776C-4C22-9F66-0DFB47079ED4}.Debug|Any CPU.ActiveCfg = Debug|Any CPU
		{5D9D27FC-776C-4C22-9F66-0DFB47079ED4}.Debug|Any CPU.Build.0 = Debug|Any CPU
		{5D9D27FC-776C-4C22-9F66-0DFB47079ED4}.Release|Any CPU.ActiveCfg = Release|Any CPU
		{5D9D27FC-776C-4C22-9F66-0DFB47079ED4}.Release|Any CPU.Build.0 = Release|Any CPU
		{B3AA264C-2ABE-4039-BFFD-A9C554E580B0}.Debug|Any CPU.ActiveCfg = Debug|Any CPU
		{B3AA264C-2ABE-4039-BFFD-A9C554E580B0}.Debug|Any CPU.Build.0 = Debug|Any CPU
		{B3AA264C-2ABE-4039-BFFD-A9C554E580B0}.Release|Any CPU.ActiveCfg = Release|Any CPU
		{B3AA264C-2ABE-4039-BFFD-A9C554E580B0}.Release|Any CPU.Build.0 = Release|Any CPU
		{B70EA37A-42F0-4BD5-B448-507A87FEEFAC}.Debug|Any CPU.ActiveCfg = Debug|Any CPU
		{B70EA37A-42F0-4BD5-B448-507A87FEEFAC}.Debug|Any CPU.Build.0 = Debug|Any CPU
		{B70EA37A-42F0-4BD5-B448-507A87FEEFAC}.Release|Any CPU.ActiveCfg = Release|Any CPU
		{B70EA37A-42F0-4BD5-B448-507A87FEEFAC}.Release|Any CPU.Build.0 = Release|Any CPU
		{DCC95A7A-C3F0-44A8-A804-18DF670C2608}.Debug|Any CPU.ActiveCfg = Debug|Any CPU
		{DCC95A7A-C3F0-44A8-A804-18DF670C2608}.Debug|Any CPU.Build.0 = Debug|Any CPU
		{DCC95A7A-C3F0-44A8-A804-18DF670C2608}.Release|Any CPU.ActiveCfg = Release|Any CPU
		{DCC95A7A-C3F0-44A8-A804-18DF670C2608}.Release|Any CPU.Build.0 = Release|Any CPU
		{D811A96C-ACD1-41A8-B1F4-A5938016DDB4}.Debug|Any CPU.ActiveCfg = Debug|Any CPU
		{D811A96C-ACD1-41A8-B1F4-A5938016DDB4}.Debug|Any CPU.Build.0 = Debug|Any CPU
		{D811A96C-ACD1-41A8-B1F4-A5938016DDB4}.Release|Any CPU.ActiveCfg = Release|Any CPU
		{D811A96C-ACD1-41A8-B1F4-A5938016DDB4}.Release|Any CPU.Build.0 = Release|Any CPU
		{B3830B3B-8139-48DC-987D-17A8972B5178}.Debug|Any CPU.ActiveCfg = Debug|Any CPU
		{B3830B3B-8139-48DC-987D-17A8972B5178}.Debug|Any CPU.Build.0 = Debug|Any CPU
		{B3830B3B-8139-48DC-987D-17A8972B5178}.Release|Any CPU.ActiveCfg = Release|Any CPU
		{B3830B3B-8139-48DC-987D-17A8972B5178}.Release|Any CPU.Build.0 = Release|Any CPU
		{FC389A8D-7888-4DFA-8FED-4D68AC58D919}.Debug|Any CPU.ActiveCfg = Debug|Any CPU
		{FC389A8D-7888-4DFA-8FED-4D68AC58D919}.Debug|Any CPU.Build.0 = Debug|Any CPU
		{FC389A8D-7888-4DFA-8FED-4D68AC58D919}.Release|Any CPU.ActiveCfg = Release|Any CPU
		{FC389A8D-7888-4DFA-8FED-4D68AC58D919}.Release|Any CPU.Build.0 = Release|Any CPU
		{C6DC05C8-815D-4CB1-9EC0-E1E3D0E9729D}.Debug|Any CPU.ActiveCfg = Debug|Any CPU
		{C6DC05C8-815D-4CB1-9EC0-E1E3D0E9729D}.Debug|Any CPU.Build.0 = Debug|Any CPU
		{C6DC05C8-815D-4CB1-9EC0-E1E3D0E9729D}.Release|Any CPU.ActiveCfg = Release|Any CPU
		{C6DC05C8-815D-4CB1-9EC0-E1E3D0E9729D}.Release|Any CPU.Build.0 = Release|Any CPU
		{F1F0F108-4CC5-4A0F-815C-F47980B34A6A}.Debug|Any CPU.ActiveCfg = Debug|Any CPU
		{F1F0F108-4CC5-4A0F-815C-F47980B34A6A}.Debug|Any CPU.Build.0 = Debug|Any CPU
		{F1F0F108-4CC5-4A0F-815C-F47980B34A6A}.Release|Any CPU.ActiveCfg = Release|Any CPU
		{F1F0F108-4CC5-4A0F-815C-F47980B34A6A}.Release|Any CPU.Build.0 = Release|Any CPU
		{1FC511FF-3761-4432-8720-B2D3C97C6B4D}.Debug|Any CPU.ActiveCfg = Debug|Any CPU
		{1FC511FF-3761-4432-8720-B2D3C97C6B4D}.Debug|Any CPU.Build.0 = Debug|Any CPU
		{1FC511FF-3761-4432-8720-B2D3C97C6B4D}.Release|Any CPU.ActiveCfg = Release|Any CPU
		{1FC511FF-3761-4432-8720-B2D3C97C6B4D}.Release|Any CPU.Build.0 = Release|Any CPU
	EndGlobalSection
	GlobalSection(SolutionProperties) = preSolution
		HideSolutionNode = FALSE
	EndGlobalSection
	GlobalSection(ExtensibilityGlobals) = postSolution
		SolutionGuid = {3E1EBF6F-2FF1-421A-898E-37FEA5894070}
	EndGlobalSection
EndGlobal
